{
  "name": "benefits",
  "version": "1.0.0",
  "lockfileVersion": 2,
  "requires": true,
  "packages": {
    "": {
      "name": "benefits",
      "version": "1.0.0",
      "dependencies": {
        "oidc-client-ts": "^2.0.2"
      }
    },
    "node_modules/crypto-js": {
      "version": "4.1.1",
      "resolved": "https://registry.npmjs.org/crypto-js/-/crypto-js-4.1.1.tgz",
      "integrity": "sha512-o2JlM7ydqd3Qk9CA0L4NL6mTzU2sdx96a+oOfPu8Mkl/PK51vSyoi8/rQ8NknZtk44vq15lmhAj9CIAGwgeWKw=="
    },
    "node_modules/jwt-decode": {
      "version": "3.1.2",
      "resolved": "https://registry.npmjs.org/jwt-decode/-/jwt-decode-3.1.2.tgz",
      "integrity": "sha512-UfpWE/VZn0iP50d8cz9NrZLM9lSWhcJ+0Gt/nm4by88UL+J1SiKN8/5dkjMmbEzwL2CAe+67GsegCbIKtbp75A=="
    },
    "node_modules/oidc-client-ts": {
      "version": "2.0.2",
      "resolved": "https://registry.npmjs.org/oidc-client-ts/-/oidc-client-ts-2.0.2.tgz",
      "integrity": "sha512-NO640b7L+A+3++0UVGC00PgT2xsH870uiwrXOYLm2q3xXuCFnGHI/ViwAL9EVuGhKhMH7J0LXyNGSIZnpPAd4Q==",
      "dependencies": {
        "crypto-js": "^4.1.1",
        "jwt-decode": "^3.1.2"
      },
      "engines": {
        "node": ">=12.13.0"
      }
    }
  },
  "dependencies": {
    "crypto-js": {
      "version": "4.1.1",
      "resolved": "https://registry.npmjs.org/crypto-js/-/crypto-js-4.1.1.tgz",
      "integrity": "sha512-o2JlM7ydqd3Qk9CA0L4NL6mTzU2sdx96a+oOfPu8Mkl/PK51vSyoi8/rQ8NknZtk44vq15lmhAj9CIAGwgeWKw=="
    },
    "jwt-decode": {
      "version": "3.1.2",
      "resolved": "https://registry.npmjs.org/jwt-decode/-/jwt-decode-3.1.2.tgz",
      "integrity": "sha512-UfpWE/VZn0iP50d8cz9NrZLM9lSWhcJ+0Gt/nm4by88UL+J1SiKN8/5dkjMmbEzwL2CAe+67GsegCbIKtbp75A=="
    },
    "oidc-client-ts": {
      "version": "2.0.2",
      "resolved": "https://registry.npmjs.org/oidc-client-ts/-/oidc-client-ts-2.0.2.tgz",
      "integrity": "sha512-NO640b7L+A+3++0UVGC00PgT2xsH870uiwrXOYLm2q3xXuCFnGHI/ViwAL9EVuGhKhMH7J0LXyNGSIZnpPAd4Q==",
      "requires": {
        "crypto-js": "^4.1.1",
        "jwt-decode": "^3.1.2"
      }
    }
  }
}
